
Microsoft Visual Studio Solution File, Format Version 12.00
# Visual Studio Version 16
VisualStudioVersion = 16.0.31729.503
MinimumVisualStudioVersion = 10.0.40219.1
Project("{FAE04EC0-301F-11D3-BF4B-00C04F79EFBC}") = "UnityEngine.UI", "UnityEngine.UI.csproj", "{C3F86714-ECE7-D17A-2D75-01A16E597C26}"
EndProject
Project("{FAE04EC0-301F-11D3-BF4B-00C04F79EFBC}") = "Assembly-CSharp", "Assembly-CSharp.csproj", "{A46CD517-EEF8-9582-872E-8D0178A111A7}"
EndProject
Project("{FAE04EC0-301F-11D3-BF4B-00C04F79EFBC}") = "UnityEngine.TestRunner", "UnityEngine.TestRunner.csproj", "{D5236E9A-B642-3365-743C-B137A72C45C5}"
EndProject
Project("{FAE04EC0-301F-11D3-BF4B-00C04F79EFBC}") = "Unity.Mathematics", "Unity.Mathematics.csproj", "{010C6DEA-333F-E071-BAD4-5C81A6437592}"
EndProject
Project("{FAE04EC0-301F-11D3-BF4B-00C04F79EFBC}") = "Unity.InputSystem", "Unity.InputSystem.csproj", "{308E7633-4ECB-8055-1099-195AA279D451}"
EndProject
Project("{FAE04EC0-301F-11D3-BF4B-00C04F79EFBC}") = "PhotonUnityNetworking.Demos", "PhotonUnityNetworking.Demos.csproj", "{90B1BB31-328A-87A6-E176-819492B09F05}"
EndProject
Project("{FAE04EC0-301F-11D3-BF4B-00C04F79EFBC}") = "Unity.2D.Animation.Runtime", "Unity.2D.Animation.Runtime.csproj", "{F7B63846-DCDC-200D-D5C1-7B6D8FD47E51}"
EndProject
Project("{FAE04EC0-301F-11D3-BF4B-00C04F79EFBC}") = "Unity.TextMeshPro", "Unity.TextMeshPro.csproj", "{EA139CD4-17C5-7FB8-5414-0B9F16D7703B}"
EndProject
Project("{FAE04EC0-301F-11D3-BF4B-00C04F79EFBC}") = "Cinemachine", "Cinemachine.csproj", "{A29CCB90-051F-7FCE-1B10-21B5903BF52A}"
EndProject
Project("{FAE04EC0-301F-11D3-BF4B-00C04F79EFBC}") = "Unity.Timeline", "Unity.Timeline.csproj", "{7CCE6409-4D79-9062-F6E6-89CB4080EADF}"
EndProject
Project("{FAE04EC0-301F-11D3-BF4B-00C04F79EFBC}") = "PhotonRealtime", "PhotonRealtime.csproj", "{8F9ABB19-B2CF-9089-5B55-BBB78B0E7749}"
EndProject
Project("{FAE04EC0-301F-11D3-BF4B-00C04F79EFBC}") = "Unity.2D.SpriteShape.Runtime", "Unity.2D.SpriteShape.Runtime.csproj", "{81CDEFB8-7D75-5919-FDAB-058744AF50E3}"
EndProject
Project("{FAE04EC0-301F-11D3-BF4B-00C04F79EFBC}") = "PhotonUnityNetworking", "PhotonUnityNetworking.csproj", "{F0C48588-C31C-9F7C-DECA-1979ED35791E}"
EndProject
Project("{FAE04EC0-301F-11D3-BF4B-00C04F79EFBC}") = "PhotonUnityNetworking.Utilities", "PhotonUnityNetworking.Utilities.csproj", "{F4F61024-B48E-E01D-E380-8D0648FF65BF}"
EndProject
Project("{FAE04EC0-301F-11D3-BF4B-00C04F79EFBC}") = "Unity.2D.Animation.Triangle.Runtime", "Unity.2D.Animation.Triangle.Runtime.csproj", "{1CEC75E4-F4B6-6C3D-5E3A-1E13598C8CC1}"
EndProject
Project("{FAE04EC0-301F-11D3-BF4B-00C04F79EFBC}") = "Unity.2D.PixelPerfect", "Unity.2D.PixelPerfect.csproj", "{6B39278A-4959-7C8D-5F73-B3B01537C4B4}"
EndProject
Project("{FAE04EC0-301F-11D3-BF4B-00C04F79EFBC}") = "Unity.2D.IK.Runtime", "Unity.2D.IK.Runtime.csproj", "{802B877F-5987-58C7-EC91-0BC7594B1D89}"
EndProject
Project("{FAE04EC0-301F-11D3-BF4B-00C04F79EFBC}") = "PhotonChat", "PhotonChat.csproj", "{A1A999EC-A013-F8A0-643C-6FB3F30629B5}"
EndProject
Project("{FAE04EC0-301F-11D3-BF4B-00C04F79EFBC}") = "Unity.2D.Common.Runtime", "Unity.2D.Common.Runtime.csproj", "{0E3C16AC-7949-D123-B48D-DB9C23BA8A0A}"
EndProject
Project("{FAE04EC0-301F-11D3-BF4B-00C04F79EFBC}") = "Unity.InternalAPIEngineBridge.001", "Unity.InternalAPIEngineBridge.001.csproj", "{95FCB854-05EB-3CEE-6099-A2D8847C7337}"
EndProject
Project("{FAE04EC0-301F-11D3-BF4B-00C04F79EFBC}") = "Unity.PlasticSCM.Editor", "Unity.PlasticSCM.Editor.csproj", "{6EBEB4CD-3FA4-1EC5-8A11-3BE118B567DF}"
EndProject
Project("{FAE04EC0-301F-11D3-BF4B-00C04F79EFBC}") = "Unity.VisualStudio.Editor", "Unity.VisualStudio.Editor.csproj", "{CA085ACD-B521-EC09-6CDF-7176181C3103}"
EndProject
Project("{FAE04EC0-301F-11D3-BF4B-00C04F79EFBC}") = "PhotonUnityNetworking.Editor", "PhotonUnityNetworking.Editor.csproj", "{07405B5F-64EA-D213-33E2-B92CBE23F99F}"
EndProject
Project("{FAE04EC0-301F-11D3-BF4B-00C04F79EFBC}") = "Unity.Timeline.Editor", "Unity.Timeline.Editor.csproj", "{A2979473-4820-40D4-4C0C-AA61BBA3A4B1}"
EndProject
Project("{FAE04EC0-301F-11D3-BF4B-00C04F79EFBC}") = "com.unity.cinemachine.editor", "com.unity.cinemachine.editor.csproj", "{A5E68528-4DD1-46B8-5A1B-34998B5483DC}"
EndProject
Project("{FAE04EC0-301F-11D3-BF4B-00C04F79EFBC}") = "Unity.TextMeshPro.Editor", "Unity.TextMeshPro.Editor.csproj", "{F76483D3-9323-9B1A-90A2-82F374A4C4A6}"
EndProject
Project("{FAE04EC0-301F-11D3-BF4B-00C04F79EFBC}") = "Unity.2D.Animation.Editor", "Unity.2D.Animation.Editor.csproj", "{085F2594-D254-F9AE-2D07-3231B91EC31C}"
EndProject
Project("{FAE04EC0-301F-11D3-BF4B-00C04F79EFBC}") = "Unity.CollabProxy.Editor", "Unity.CollabProxy.Editor.csproj", "{EF530A23-B991-F1AB-584F-C27102F99302}"
EndProject
Project("{FAE04EC0-301F-11D3-BF4B-00C04F79EFBC}") = "UnityEditor.TestRunner", "UnityEditor.TestRunner.csproj", "{52FE8753-6902-AAF8-0B75-2F28CDB37ADC}"
EndProject
Project("{FAE04EC0-301F-11D3-BF4B-00C04F79EFBC}") = "Assembly-CSharp-Editor", "Assembly-CSharp-Editor.csproj", "{D43CD83C-823D-7551-DDA3-5FD344EB3E8F}"
EndProject
Project("{FAE04EC0-301F-11D3-BF4B-00C04F79EFBC}") = "Unity.Rider.Editor", "Unity.Rider.Editor.csproj", "{D49AD721-BED9-9EBC-EDC7-B4457E7ED07D}"
EndProject
Project("{FAE04EC0-301F-11D3-BF4B-00C04F79EFBC}") = "Unity.2D.Path.Editor", "Unity.2D.Path.Editor.csproj", "{9B89B811-DD8C-F62E-AAE8-6AD1331FEB78}"
EndProject
Project("{FAE04EC0-301F-11D3-BF4B-00C04F79EFBC}") = "PsdPlugin", "PsdPlugin.csproj", "{4AC23256-6DE8-9A7C-0FF0-B293582C89B1}"
EndProject
Project("{FAE04EC0-301F-11D3-BF4B-00C04F79EFBC}") = "Unity.2D.IK.Editor", "Unity.2D.IK.Editor.csproj", "{C2D920D7-CE39-76CC-1FED-96D03DEBC701}"
EndProject
Project("{FAE04EC0-301F-11D3-BF4B-00C04F79EFBC}") = "Unity.2D.Psdimporter.Editor", "Unity.2D.Psdimporter.Editor.csproj", "{ABAEC01D-D368-ECA9-53E5-13B6BC486A24}"
EndProject
Project("{FAE04EC0-301F-11D3-BF4B-00C04F79EFBC}") = "Unity.2D.SpriteShape.Editor", "Unity.2D.SpriteShape.Editor.csproj", "{887F469D-8FCB-EF36-90D6-35FF039CA0C6}"
EndProject
Project("{FAE04EC0-301F-11D3-BF4B-00C04F79EFBC}") = "Unity.2D.Tilemap.Editor", "Unity.2D.Tilemap.Editor.csproj", "{45809CCF-0EE0-533A-0A99-2D8028D8941A}"
EndProject
Project("{FAE04EC0-301F-11D3-BF4B-00C04F79EFBC}") = "Unity.2D.PixelPerfect.Editor", "Unity.2D.PixelPerfect.Editor.csproj", "{F96D2626-A3BB-0E92-F2CA-1CA6C8455643}"
EndProject
Project("{FAE04EC0-301F-11D3-BF4B-00C04F79EFBC}") = "Unity.VSCode.Editor", "Unity.VSCode.Editor.csproj", "{118A6405-544D-F670-762E-14B9F7A8853E}"
EndProject
Project("{FAE04EC0-301F-11D3-BF4B-00C04F79EFBC}") = "Unity.2D.Sprite.Editor", "Unity.2D.Sprite.Editor.csproj", "{CBB91A83-A085-CEB8-44AA-00DD94F1FCEF}"
EndProject
Project("{FAE04EC0-301F-11D3-BF4B-00C04F79EFBC}") = "UnityEditor.UI", "UnityEditor.UI.csproj", "{962D992C-F5DF-053A-7CDD-1C25B5E3309B}"
EndProject
Project("{FAE04EC0-301F-11D3-BF4B-00C04F79EFBC}") = "PhotonUnityNetworking.Utilities.PhotonPlayer.Editor", "PhotonUnityNetworking.Utilities.PhotonPlayer.Editor.csproj", "{737C924D-4B9C-B8A7-9329-92B576CD9446}"
EndProject
Project("{FAE04EC0-301F-11D3-BF4B-00C04F79EFBC}") = "Unity.Mathematics.Editor", "Unity.Mathematics.Editor.csproj", "{FD485F3D-3459-28B4-7BF7-11D0B634A383}"
EndProject
Project("{FAE04EC0-301F-11D3-BF4B-00C04F79EFBC}") = "Unity.2D.Common.Editor", "Unity.2D.Common.Editor.csproj", "{214EB456-F2F6-F26A-B8F3-1BAD1F006316}"
EndProject
Project("{FAE04EC0-301F-11D3-BF4B-00C04F79EFBC}") = "PunDemos.DemoSlotcarEditor", "PunDemos.DemoSlotcarEditor.csproj", "{0B721436-11B7-7023-3F12-5626A32848AA}"
EndProject
Project("{FAE04EC0-301F-11D3-BF4B-00C04F79EFBC}") = "PhotonUnityNetworking.Utilities.Culling.Editor", "PhotonUnityNetworking.Utilities.Culling.Editor.csproj", "{5E939013-E28F-C2F5-02D1-75C7019CD472}"
EndProject
Project("{FAE04EC0-301F-11D3-BF4B-00C04F79EFBC}") = "PunDemos.DemoHubEditor", "PunDemos.DemoHubEditor.csproj", "{4BB9A970-6C1E-1A3C-E9C9-639D46AA427F}"
EndProject
Project("{FAE04EC0-301F-11D3-BF4B-00C04F79EFBC}") = "Unity.InternalAPIEditorBridge.001", "Unity.InternalAPIEditorBridge.001.csproj", "{1087ED07-9E53-5673-FF11-DA7BD2F10F2B}"
EndProject
Global
	GlobalSection(SolutionConfigurationPlatforms) = preSolution
		Debug|Any CPU = Debug|Any CPU
	EndGlobalSection
	GlobalSection(ProjectConfigurationPlatforms) = postSolution
		{C3F86714-ECE7-D17A-2D75-01A16E597C26}.Debug|Any CPU.ActiveCfg = Debug|Any CPU
		{C3F86714-ECE7-D17A-2D75-01A16E597C26}.Debug|Any CPU.Build.0 = Debug|Any CPU
		{A46CD517-EEF8-9582-872E-8D0178A111A7}.Debug|Any CPU.ActiveCfg = Debug|Any CPU
		{A46CD517-EEF8-9582-872E-8D0178A111A7}.Debug|Any CPU.Build.0 = Debug|Any CPU
		{D5236E9A-B642-3365-743C-B137A72C45C5}.Debug|Any CPU.ActiveCfg = Debug|Any CPU
		{D5236E9A-B642-3365-743C-B137A72C45C5}.Debug|Any CPU.Build.0 = Debug|Any CPU
		{010C6DEA-333F-E071-BAD4-5C81A6437592}.Debug|Any CPU.ActiveCfg = Debug|Any CPU
		{010C6DEA-333F-E071-BAD4-5C81A6437592}.Debug|Any CPU.Build.0 = Debug|Any CPU
		{308E7633-4ECB-8055-1099-195AA279D451}.Debug|Any CPU.ActiveCfg = Debug|Any CPU
		{308E7633-4ECB-8055-1099-195AA279D451}.Debug|Any CPU.Build.0 = Debug|Any CPU
		{90B1BB31-328A-87A6-E176-819492B09F05}.Debug|Any CPU.ActiveCfg = Debug|Any CPU
		{90B1BB31-328A-87A6-E176-819492B09F05}.Debug|Any CPU.Build.0 = Debug|Any CPU
		{F7B63846-DCDC-200D-D5C1-7B6D8FD47E51}.Debug|Any CPU.ActiveCfg = Debug|Any CPU
		{F7B63846-DCDC-200D-D5C1-7B6D8FD47E51}.Debug|Any CPU.Build.0 = Debug|Any CPU
		{EA139CD4-17C5-7FB8-5414-0B9F16D7703B}.Debug|Any CPU.ActiveCfg = Debug|Any CPU
		{EA139CD4-17C5-7FB8-5414-0B9F16D7703B}.Debug|Any CPU.Build.0 = Debug|Any CPU
		{A29CCB90-051F-7FCE-1B10-21B5903BF52A}.Debug|Any CPU.ActiveCfg = Debug|Any CPU
		{A29CCB90-051F-7FCE-1B10-21B5903BF52A}.Debug|Any CPU.Build.0 = Debug|Any CPU
		{7CCE6409-4D79-9062-F6E6-89CB4080EADF}.Debug|Any CPU.ActiveCfg = Debug|Any CPU
		{7CCE6409-4D79-9062-F6E6-89CB4080EADF}.Debug|Any CPU.Build.0 = Debug|Any CPU
		{8F9ABB19-B2CF-9089-5B55-BBB78B0E7749}.Debug|Any CPU.ActiveCfg = Debug|Any CPU
		{8F9ABB19-B2CF-9089-5B55-BBB78B0E7749}.Debug|Any CPU.Build.0 = Debug|Any CPU
		{81CDEFB8-7D75-5919-FDAB-058744AF50E3}.Debug|Any CPU.ActiveCfg = Debug|Any CPU
		{81CDEFB8-7D75-5919-FDAB-058744AF50E3}.Debug|Any CPU.Build.0 = Debug|Any CPU
		{F0C48588-C31C-9F7C-DECA-1979ED35791E}.Debug|Any CPU.ActiveCfg = Debug|Any CPU
		{F0C48588-C31C-9F7C-DECA-1979ED35791E}.Debug|Any CPU.Build.0 = Debug|Any CPU
		{F4F61024-B48E-E01D-E380-8D0648FF65BF}.Debug|Any CPU.ActiveCfg = Debug|Any CPU
		{F4F61024-B48E-E01D-E380-8D0648FF65BF}.Debug|Any CPU.Build.0 = Debug|Any CPU
		{1CEC75E4-F4B6-6C3D-5E3A-1E13598C8CC1}.Debug|Any CPU.ActiveCfg = Debug|Any CPU
		{1CEC75E4-F4B6-6C3D-5E3A-1E13598C8CC1}.Debug|Any CPU.Build.0 = Debug|Any CPU
		{6B39278A-4959-7C8D-5F73-B3B01537C4B4}.Debug|Any CPU.ActiveCfg = Debug|Any CPU
		{6B39278A-4959-7C8D-5F73-B3B01537C4B4}.Debug|Any CPU.Build.0 = Debug|Any CPU
		{802B877F-5987-58C7-EC91-0BC7594B1D89}.Debug|Any CPU.ActiveCfg = Debug|Any CPU
		{802B877F-5987-58C7-EC91-0BC7594B1D89}.Debug|Any CPU.Build.0 = Debug|Any CPU
		{A1A999EC-A013-F8A0-643C-6FB3F30629B5}.Debug|Any CPU.ActiveCfg = Debug|Any CPU
		{A1A999EC-A013-F8A0-643C-6FB3F30629B5}.Debug|Any CPU.Build.0 = Debug|Any CPU
		{0E3C16AC-7949-D123-B48D-DB9C23BA8A0A}.Debug|Any CPU.ActiveCfg = Debug|Any CPU
		{0E3C16AC-7949-D123-B48D-DB9C23BA8A0A}.Debug|Any CPU.Build.0 = Debug|Any CPU
		{95FCB854-05EB-3CEE-6099-A2D8847C7337}.Debug|Any CPU.ActiveCfg = Debug|Any CPU
		{95FCB854-05EB-3CEE-6099-A2D8847C7337}.Debug|Any CPU.Build.0 = Debug|Any CPU
		{6EBEB4CD-3FA4-1EC5-8A11-3BE118B567DF}.Debug|Any CPU.ActiveCfg = Debug|Any CPU
		{6EBEB4CD-3FA4-1EC5-8A11-3BE118B567DF}.Debug|Any CPU.Build.0 = Debug|Any CPU
		{CA085ACD-B521-EC09-6CDF-7176181C3103}.Debug|Any CPU.ActiveCfg = Debug|Any CPU
		{CA085ACD-B521-EC09-6CDF-7176181C3103}.Debug|Any CPU.Build.0 = Debug|Any CPU
		{07405B5F-64EA-D213-33E2-B92CBE23F99F}.Debug|Any CPU.ActiveCfg = Debug|Any CPU
		{07405B5F-64EA-D213-33E2-B92CBE23F99F}.Debug|Any CPU.Build.0 = Debug|Any CPU
		{A2979473-4820-40D4-4C0C-AA61BBA3A4B1}.Debug|Any CPU.ActiveCfg = Debug|Any CPU
		{A2979473-4820-40D4-4C0C-AA61BBA3A4B1}.Debug|Any CPU.Build.0 = Debug|Any CPU
		{A5E68528-4DD1-46B8-5A1B-34998B5483DC}.Debug|Any CPU.ActiveCfg = Debug|Any CPU
		{A5E68528-4DD1-46B8-5A1B-34998B5483DC}.Debug|Any CPU.Build.0 = Debug|Any CPU
		{F76483D3-9323-9B1A-90A2-82F374A4C4A6}.Debug|Any CPU.ActiveCfg = Debug|Any CPU
		{F76483D3-9323-9B1A-90A2-82F374A4C4A6}.Debug|Any CPU.Build.0 = Debug|Any CPU
		{085F2594-D254-F9AE-2D07-3231B91EC31C}.Debug|Any CPU.ActiveCfg = Debug|Any CPU
		{085F2594-D254-F9AE-2D07-3231B91EC31C}.Debug|Any CPU.Build.0 = Debug|Any CPU
		{EF530A23-B991-F1AB-584F-C27102F99302}.Debug|Any CPU.ActiveCfg = Debug|Any CPU
		{EF530A23-B991-F1AB-584F-C27102F99302}.Debug|Any CPU.Build.0 = Debug|Any CPU
		{52FE8753-6902-AAF8-0B75-2F28CDB37ADC}.Debug|Any CPU.ActiveCfg = Debug|Any CPU
		{52FE8753-6902-AAF8-0B75-2F28CDB37ADC}.Debug|Any CPU.Build.0 = Debug|Any CPU
		{D43CD83C-823D-7551-DDA3-5FD344EB3E8F}.Debug|Any CPU.ActiveCfg = Debug|Any CPU
		{D43CD83C-823D-7551-DDA3-5FD344EB3E8F}.Debug|Any CPU.Build.0 = Debug|Any CPU
		{D49AD721-BED9-9EBC-EDC7-B4457E7ED07D}.Debug|Any CPU.ActiveCfg = Debug|Any CPU
		{D49AD721-BED9-9EBC-EDC7-B4457E7ED07D}.Debug|Any CPU.Build.0 = Debug|Any CPU
		{9B89B811-DD8C-F62E-AAE8-6AD1331FEB78}.Debug|Any CPU.ActiveCfg = Debug|Any CPU
		{9B89B811-DD8C-F62E-AAE8-6AD1331FEB78}.Debug|Any CPU.Build.0 = Debug|Any CPU
		{4AC23256-6DE8-9A7C-0FF0-B293582C89B1}.Debug|Any CPU.ActiveCfg = Debug|Any CPU
		{4AC23256-6DE8-9A7C-0FF0-B293582C89B1}.Debug|Any CPU.Build.0 = Debug|Any CPU
		{C2D920D7-CE39-76CC-1FED-96D03DEBC701}.Debug|Any CPU.ActiveCfg = Debug|Any CPU
		{C2D920D7-CE39-76CC-1FED-96D03DEBC701}.Debug|Any CPU.Build.0 = Debug|Any CPU
		{ABAEC01D-D368-ECA9-53E5-13B6BC486A24}.Debug|Any CPU.ActiveCfg = Debug|Any CPU
		{ABAEC01D-D368-ECA9-53E5-13B6BC486A24}.Debug|Any CPU.Build.0 = Debug|Any CPU
		{887F469D-8FCB-EF36-90D6-35FF039CA0C6}.Debug|Any CPU.ActiveCfg = Debug|Any CPU
		{887F469D-8FCB-EF36-90D6-35FF039CA0C6}.Debug|Any CPU.Build.0 = Debug|Any CPU
		{45809CCF-0EE0-533A-0A99-2D8028D8941A}.Debug|Any CPU.ActiveCfg = Debug|Any CPU
		{45809CCF-0EE0-533A-0A99-2D8028D8941A}.Debug|Any CPU.Build.0 = Debug|Any CPU
		{F96D2626-A3BB-0E92-F2CA-1CA6C8455643}.Debug|Any CPU.ActiveCfg = Debug|Any CPU
		{F96D2626-A3BB-0E92-F2CA-1CA6C8455643}.Debug|Any CPU.Build.0 = Debug|Any CPU
		{118A6405-544D-F670-762E-14B9F7A8853E}.Debug|Any CPU.ActiveCfg = Debug|Any CPU
		{118A6405-544D-F670-762E-14B9F7A8853E}.Debug|Any CPU.Build.0 = Debug|Any CPU
		{CBB91A83-A085-CEB8-44AA-00DD94F1FCEF}.Debug|Any CPU.ActiveCfg = Debug|Any CPU
		{CBB91A83-A085-CEB8-44AA-00DD94F1FCEF}.Debug|Any CPU.Build.0 = Debug|Any CPU
		{962D992C-F5DF-053A-7CDD-1C25B5E3309B}.Debug|Any CPU.ActiveCfg = Debug|Any CPU
		{962D992C-F5DF-053A-7CDD-1C25B5E3309B}.Debug|Any CPU.Build.0 = Debug|Any CPU
		{737C924D-4B9C-B8A7-9329-92B576CD9446}.Debug|Any CPU.ActiveCfg = Debug|Any CPU
		{737C924D-4B9C-B8A7-9329-92B576CD9446}.Debug|Any CPU.Build.0 = Debug|Any CPU
		{FD485F3D-3459-28B4-7BF7-11D0B634A383}.Debug|Any CPU.ActiveCfg = Debug|Any CPU
		{FD485F3D-3459-28B4-7BF7-11D0B634A383}.Debug|Any CPU.Build.0 = Debug|Any CPU
		{214EB456-F2F6-F26A-B8F3-1BAD1F006316}.Debug|Any CPU.ActiveCfg = Debug|Any CPU
		{214EB456-F2F6-F26A-B8F3-1BAD1F006316}.Debug|Any CPU.Build.0 = Debug|Any CPU
		{0B721436-11B7-7023-3F12-5626A32848AA}.Debug|Any CPU.ActiveCfg = Debug|Any CPU
		{0B721436-11B7-7023-3F12-5626A32848AA}.Debug|Any CPU.Build.0 = Debug|Any CPU
		{5E939013-E28F-C2F5-02D1-75C7019CD472}.Debug|Any CPU.ActiveCfg = Debug|Any CPU
		{5E939013-E28F-C2F5-02D1-75C7019CD472}.Debug|Any CPU.Build.0 = Debug|Any CPU
		{4BB9A970-6C1E-1A3C-E9C9-639D46AA427F}.Debug|Any CPU.ActiveCfg = Debug|Any CPU
		{4BB9A970-6C1E-1A3C-E9C9-639D46AA427F}.Debug|Any CPU.Build.0 = Debug|Any CPU
		{1087ED07-9E53-5673-FF11-DA7BD2F10F2B}.Debug|Any CPU.ActiveCfg = Debug|Any CPU
		{1087ED07-9E53-5673-FF11-DA7BD2F10F2B}.Debug|Any CPU.Build.0 = Debug|Any CPU
	EndGlobalSection
	GlobalSection(SolutionProperties) = preSolution
		HideSolutionNode = FALSE
	EndGlobalSection
	GlobalSection(ExtensibilityGlobals) = postSolution
		SolutionGuid = {DC4718BA-7329-4832-AE86-7ECBF4ED31C1}
	EndGlobalSection
EndGlobal
