
Microsoft Visual Studio Solution File, Format Version 12.00
# Visual Studio 15
Project("{FAE04EC0-301F-11D3-BF4B-00C04F79EFBC}") = "Assembly-CSharp", "Assembly-CSharp.csproj", "{17D56CA4-F8EE-8295-872E-8D0178A111A7}"
EndProject
Project("{FAE04EC0-301F-11D3-BF4B-00C04F79EFBC}") = "UnityEngine.TestRunner", "UnityEngine.TestRunner.csproj", "{9A6E23D5-42B6-6533-743C-B137A72C45C5}"
EndProject
Project("{FAE04EC0-301F-11D3-BF4B-00C04F79EFBC}") = "Unity.Mathematics", "Unity.Mathematics.csproj", "{EA6D0C01-3F33-71E0-BAD4-5C81A6437592}"
EndProject
Project("{FAE04EC0-301F-11D3-BF4B-00C04F79EFBC}") = "Unity.InputSystem", "Unity.InputSystem.csproj", "{33768E30-CB4E-5580-1099-195AA279D451}"
EndProject
Project("{FAE04EC0-301F-11D3-BF4B-00C04F79EFBC}") = "UnityEngine.UI", "UnityEngine.UI.csproj", "{1467F8C3-E7EC-7AD1-2D75-01A16E597C26}"
EndProject
Project("{FAE04EC0-301F-11D3-BF4B-00C04F79EFBC}") = "PhotonUnityNetworking.Demos", "PhotonUnityNetworking.Demos.csproj", "{90B1BB31-328A-87A6-E176-819492B09F05}"
EndProject
Project("{FAE04EC0-301F-11D3-BF4B-00C04F79EFBC}") = "Unity.2D.Animation.Runtime", "Unity.2D.Animation.Runtime.csproj", "{4638B6F7-DCDC-0D20-D5C1-7B6D8FD47E51}"
EndProject
Project("{FAE04EC0-301F-11D3-BF4B-00C04F79EFBC}") = "Unity.TextMeshPro", "Unity.TextMeshPro.csproj", "{D49C13EA-C517-B87F-5414-0B9F16D7703B}"
EndProject
Project("{FAE04EC0-301F-11D3-BF4B-00C04F79EFBC}") = "Cinemachine", "Cinemachine.csproj", "{90CB9CA2-1F05-CE7F-1B10-21B5903BF52A}"
EndProject
Project("{FAE04EC0-301F-11D3-BF4B-00C04F79EFBC}") = "Unity.Timeline", "Unity.Timeline.csproj", "{0964CE7C-794D-6290-F6E6-89CB4080EADF}"
EndProject
Project("{FAE04EC0-301F-11D3-BF4B-00C04F79EFBC}") = "PhotonRealtime", "PhotonRealtime.csproj", "{8F9ABB19-B2CF-9089-5B55-BBB78B0E7749}"
EndProject
Project("{FAE04EC0-301F-11D3-BF4B-00C04F79EFBC}") = "Unity.2D.SpriteShape.Runtime", "Unity.2D.SpriteShape.Runtime.csproj", "{B8EFCD81-757D-1959-FDAB-058744AF50E3}"
EndProject
Project("{FAE04EC0-301F-11D3-BF4B-00C04F79EFBC}") = "PhotonUnityNetworking", "PhotonUnityNetworking.csproj", "{F0C48588-C31C-9F7C-DECA-1979ED35791E}"
EndProject
Project("{FAE04EC0-301F-11D3-BF4B-00C04F79EFBC}") = "PhotonUnityNetworking.Utilities", "PhotonUnityNetworking.Utilities.csproj", "{F4F61024-B48E-E01D-E380-8D0648FF65BF}"
EndProject
Project("{FAE04EC0-301F-11D3-BF4B-00C04F79EFBC}") = "Unity.2D.Animation.Triangle.Runtime", "Unity.2D.Animation.Triangle.Runtime.csproj", "{E475EC1C-B6F4-3D6C-5E3A-1E13598C8CC1}"
EndProject
Project("{FAE04EC0-301F-11D3-BF4B-00C04F79EFBC}") = "Unity.2D.PixelPerfect", "Unity.2D.PixelPerfect.csproj", "{8A27396B-5949-8D7C-5F73-B3B01537C4B4}"
EndProject
Project("{FAE04EC0-301F-11D3-BF4B-00C04F79EFBC}") = "Unity.2D.IK.Runtime", "Unity.2D.IK.Runtime.csproj", "{7F872B80-8759-C758-EC91-0BC7594B1D89}"
EndProject
Project("{FAE04EC0-301F-11D3-BF4B-00C04F79EFBC}") = "PhotonChat", "PhotonChat.csproj", "{A1A999EC-A013-F8A0-643C-6FB3F30629B5}"
EndProject
Project("{FAE04EC0-301F-11D3-BF4B-00C04F79EFBC}") = "Unity.2D.Common.Runtime", "Unity.2D.Common.Runtime.csproj", "{AC163C0E-4979-23D1-B48D-DB9C23BA8A0A}"
EndProject
Project("{FAE04EC0-301F-11D3-BF4B-00C04F79EFBC}") = "Unity.InternalAPIEngineBridge.001", "Unity.InternalAPIEngineBridge.001.csproj", "{54B8FC95-EB05-EE3C-6099-A2D8847C7337}"
EndProject
Project("{FAE04EC0-301F-11D3-BF4B-00C04F79EFBC}") = "Unity.PlasticSCM.Editor", "Unity.PlasticSCM.Editor.csproj", "{CDB4BE6E-A43F-C51E-8A11-3BE118B567DF}"
EndProject
Project("{FAE04EC0-301F-11D3-BF4B-00C04F79EFBC}") = "Unity.VisualStudio.Editor", "Unity.VisualStudio.Editor.csproj", "{CD5A08CA-21B5-09EC-6CDF-7176181C3103}"
EndProject
Project("{FAE04EC0-301F-11D3-BF4B-00C04F79EFBC}") = "PhotonUnityNetworking.Editor", "PhotonUnityNetworking.Editor.csproj", "{07405B5F-64EA-D213-33E2-B92CBE23F99F}"
EndProject
Project("{FAE04EC0-301F-11D3-BF4B-00C04F79EFBC}") = "Unity.Timeline.Editor", "Unity.Timeline.Editor.csproj", "{739497A2-2048-D440-4C0C-AA61BBA3A4B1}"
EndProject
Project("{FAE04EC0-301F-11D3-BF4B-00C04F79EFBC}") = "com.unity.cinemachine.editor", "com.unity.cinemachine.editor.csproj", "{2885E6A5-D14D-B846-5A1B-34998B5483DC}"
EndProject
Project("{FAE04EC0-301F-11D3-BF4B-00C04F79EFBC}") = "Unity.TextMeshPro.Editor", "Unity.TextMeshPro.Editor.csproj", "{D38364F7-2393-1A9B-90A2-82F374A4C4A6}"
EndProject
Project("{FAE04EC0-301F-11D3-BF4B-00C04F79EFBC}") = "Unity.2D.Animation.Editor", "Unity.2D.Animation.Editor.csproj", "{94255F08-54D2-AEF9-2D07-3231B91EC31C}"
EndProject
Project("{FAE04EC0-301F-11D3-BF4B-00C04F79EFBC}") = "Unity.CollabProxy.Editor", "Unity.CollabProxy.Editor.csproj", "{230A53EF-91B9-ABF1-584F-C27102F99302}"
EndProject
Project("{FAE04EC0-301F-11D3-BF4B-00C04F79EFBC}") = "UnityEditor.TestRunner", "UnityEditor.TestRunner.csproj", "{5387FE52-0269-F8AA-0B75-2F28CDB37ADC}"
EndProject
Project("{FAE04EC0-301F-11D3-BF4B-00C04F79EFBC}") = "Assembly-CSharp-Editor", "Assembly-CSharp-Editor.csproj", "{D43CD83C-823D-7551-DDA3-5FD344EB3E8F}"
EndProject
Project("{FAE04EC0-301F-11D3-BF4B-00C04F79EFBC}") = "Unity.Rider.Editor", "Unity.Rider.Editor.csproj", "{21D79AD4-D9BE-BC9E-EDC7-B4457E7ED07D}"
EndProject
Project("{FAE04EC0-301F-11D3-BF4B-00C04F79EFBC}") = "Unity.2D.Path.Editor", "Unity.2D.Path.Editor.csproj", "{11B8899B-8CDD-2EF6-AAE8-6AD1331FEB78}"
EndProject
Project("{FAE04EC0-301F-11D3-BF4B-00C04F79EFBC}") = "PsdPlugin", "PsdPlugin.csproj", "{5632C24A-E86D-7C9A-0FF0-B293582C89B1}"
EndProject
Project("{FAE04EC0-301F-11D3-BF4B-00C04F79EFBC}") = "Unity.2D.IK.Editor", "Unity.2D.IK.Editor.csproj", "{D720D9C2-39CE-CC76-1FED-96D03DEBC701}"
EndProject
Project("{FAE04EC0-301F-11D3-BF4B-00C04F79EFBC}") = "Unity.2D.Psdimporter.Editor", "Unity.2D.Psdimporter.Editor.csproj", "{1DC0AEAB-68D3-A9EC-53E5-13B6BC486A24}"
EndProject
Project("{FAE04EC0-301F-11D3-BF4B-00C04F79EFBC}") = "Unity.2D.SpriteShape.Editor", "Unity.2D.SpriteShape.Editor.csproj", "{9D467F88-CB8F-36EF-90D6-35FF039CA0C6}"
EndProject
Project("{FAE04EC0-301F-11D3-BF4B-00C04F79EFBC}") = "Unity.2D.Tilemap.Editor", "Unity.2D.Tilemap.Editor.csproj", "{CF9C8045-E00E-3A53-0A99-2D8028D8941A}"
EndProject
Project("{FAE04EC0-301F-11D3-BF4B-00C04F79EFBC}") = "Unity.2D.PixelPerfect.Editor", "Unity.2D.PixelPerfect.Editor.csproj", "{26266DF9-BBA3-920E-F2CA-1CA6C8455643}"
EndProject
Project("{FAE04EC0-301F-11D3-BF4B-00C04F79EFBC}") = "Unity.VSCode.Editor", "Unity.VSCode.Editor.csproj", "{05648A11-4D54-70F6-762E-14B9F7A8853E}"
EndProject
Project("{FAE04EC0-301F-11D3-BF4B-00C04F79EFBC}") = "Unity.2D.Sprite.Editor", "Unity.2D.Sprite.Editor.csproj", "{831AB9CB-85A0-B8CE-44AA-00DD94F1FCEF}"
EndProject
Project("{FAE04EC0-301F-11D3-BF4B-00C04F79EFBC}") = "UnityEditor.UI", "UnityEditor.UI.csproj", "{2C992D96-DFF5-3A05-7CDD-1C25B5E3309B}"
EndProject
Project("{FAE04EC0-301F-11D3-BF4B-00C04F79EFBC}") = "PhotonUnityNetworking.Utilities.PhotonPlayer.Editor", "PhotonUnityNetworking.Utilities.PhotonPlayer.Editor.csproj", "{737C924D-4B9C-B8A7-9329-92B576CD9446}"
EndProject
Project("{FAE04EC0-301F-11D3-BF4B-00C04F79EFBC}") = "Unity.Mathematics.Editor", "Unity.Mathematics.Editor.csproj", "{3D5F48FD-5934-B428-7BF7-11D0B634A383}"
EndProject
Project("{FAE04EC0-301F-11D3-BF4B-00C04F79EFBC}") = "Unity.2D.Common.Editor", "Unity.2D.Common.Editor.csproj", "{56B44E21-F6F2-6AF2-B8F3-1BAD1F006316}"
EndProject
Project("{FAE04EC0-301F-11D3-BF4B-00C04F79EFBC}") = "PunDemos.DemoSlotcarEditor", "PunDemos.DemoSlotcarEditor.csproj", "{0B721436-11B7-7023-3F12-5626A32848AA}"
EndProject
Project("{FAE04EC0-301F-11D3-BF4B-00C04F79EFBC}") = "PhotonUnityNetworking.Utilities.Culling.Editor", "PhotonUnityNetworking.Utilities.Culling.Editor.csproj", "{5E939013-E28F-C2F5-02D1-75C7019CD472}"
EndProject
Project("{FAE04EC0-301F-11D3-BF4B-00C04F79EFBC}") = "PunDemos.DemoHubEditor", "PunDemos.DemoHubEditor.csproj", "{4BB9A970-6C1E-1A3C-E9C9-639D46AA427F}"
EndProject
Project("{FAE04EC0-301F-11D3-BF4B-00C04F79EFBC}") = "Unity.InternalAPIEditorBridge.001", "Unity.InternalAPIEditorBridge.001.csproj", "{07ED8710-539E-7356-FF11-DA7BD2F10F2B}"
EndProject
Project("{FAE04EC0-301F-11D3-BF4B-00C04F79EFBC}") = "Assembly-CSharp", "Assembly-CSharp.Player.csproj", "{AA72193A-BE98-BDB8-ED17-3999854F2BEE}"
EndProject
Project("{FAE04EC0-301F-11D3-BF4B-00C04F79EFBC}") = "UnityEngine.TestRunner", "UnityEngine.TestRunner.Player.csproj", "{060B5745-5C42-C0F2-6558-89B3C4103C5F}"
EndProject
Project("{FAE04EC0-301F-11D3-BF4B-00C04F79EFBC}") = "Unity.Mathematics", "Unity.Mathematics.Player.csproj", "{88D79774-BBDD-D98B-3A63-8500424581C8}"
EndProject
Project("{FAE04EC0-301F-11D3-BF4B-00C04F79EFBC}") = "Unity.InputSystem", "Unity.InputSystem.Player.csproj", "{9F112296-9620-218A-134A-8B98AD07B884}"
EndProject
Project("{FAE04EC0-301F-11D3-BF4B-00C04F79EFBC}") = "UnityEngine.UI", "UnityEngine.UI.Player.csproj", "{2B826A47-2E9C-6610-B540-E613DC9B1542}"
EndProject
Project("{FAE04EC0-301F-11D3-BF4B-00C04F79EFBC}") = "PhotonUnityNetworking.Demos", "PhotonUnityNetworking.Demos.Player.csproj", "{957FEEC6-2DB4-D935-69A7-ECB9F90ECBA4}"
EndProject
Project("{FAE04EC0-301F-11D3-BF4B-00C04F79EFBC}") = "Unity.2D.Animation.Runtime", "Unity.2D.Animation.Runtime.Player.csproj", "{475AF624-C810-8207-848C-EAB42018E6BF}"
EndProject
Project("{FAE04EC0-301F-11D3-BF4B-00C04F79EFBC}") = "Unity.TextMeshPro", "Unity.TextMeshPro.Player.csproj", "{F32094E4-93F7-C1CA-408C-741956E2A0DB}"
EndProject
Project("{FAE04EC0-301F-11D3-BF4B-00C04F79EFBC}") = "Cinemachine", "Cinemachine.Player.csproj", "{6A82600C-CFD2-46DF-3743-463BC56F9384}"
EndProject
Project("{FAE04EC0-301F-11D3-BF4B-00C04F79EFBC}") = "Unity.Timeline", "Unity.Timeline.Player.csproj", "{8BA5971F-B7D5-981F-F5A3-7BB00CD83CE7}"
EndProject
Project("{FAE04EC0-301F-11D3-BF4B-00C04F79EFBC}") = "PhotonRealtime", "PhotonRealtime.Player.csproj", "{373B2254-0C09-40DF-A6C1-BC242B9073B5}"
EndProject
Project("{FAE04EC0-301F-11D3-BF4B-00C04F79EFBC}") = "Unity.2D.SpriteShape.Runtime", "Unity.2D.SpriteShape.Runtime.Player.csproj", "{83B493DA-D18F-40A8-2403-BFC5BC2CC837}"
EndProject
Project("{FAE04EC0-301F-11D3-BF4B-00C04F79EFBC}") = "PhotonUnityNetworking", "PhotonUnityNetworking.Player.csproj", "{C3486A6B-53B3-B1CB-8FD8-E781247B50C6}"
EndProject
Project("{FAE04EC0-301F-11D3-BF4B-00C04F79EFBC}") = "PhotonUnityNetworking.Utilities", "PhotonUnityNetworking.Utilities.Player.csproj", "{E701AE3C-918A-F9A7-EEF4-8753FBA29D58}"
EndProject
Project("{FAE04EC0-301F-11D3-BF4B-00C04F79EFBC}") = "Unity.2D.Animation.Triangle.Runtime", "Unity.2D.Animation.Triangle.Runtime.Player.csproj", "{A3707990-9516-D9D7-F6D4-C861D7F32AA9}"
EndProject
Project("{FAE04EC0-301F-11D3-BF4B-00C04F79EFBC}") = "Unity.2D.PixelPerfect", "Unity.2D.PixelPerfect.Player.csproj", "{9E104C6E-1A04-8B85-36DC-4B1F792CA71C}"
EndProject
Project("{FAE04EC0-301F-11D3-BF4B-00C04F79EFBC}") = "Unity.2D.IK.Runtime", "Unity.2D.IK.Runtime.Player.csproj", "{482251CE-12B4-7D1F-D867-F1F5E8F75E60}"
EndProject
Project("{FAE04EC0-301F-11D3-BF4B-00C04F79EFBC}") = "PhotonChat", "PhotonChat.Player.csproj", "{D85A5638-4363-C531-2BE1-5D18395BFCB1}"
EndProject
Project("{FAE04EC0-301F-11D3-BF4B-00C04F79EFBC}") = "Unity.2D.Common.Runtime", "Unity.2D.Common.Runtime.Player.csproj", "{23457A1F-5D49-57DD-1661-2D4301A0121E}"
EndProject
Project("{FAE04EC0-301F-11D3-BF4B-00C04F79EFBC}") = "Unity.InternalAPIEngineBridge.001", "Unity.InternalAPIEngineBridge.001.Player.csproj", "{E6C90C86-3B5E-326F-F680-A9C43DB8C3A0}"
EndProject
Global
	GlobalSection(SolutionConfigurationPlatforms) = preSolution
		Debug|Any CPU = Debug|Any CPU
		Release|Any CPU = Release|Any CPU
	EndGlobalSection
	GlobalSection(ProjectConfigurationPlatforms) = postSolution
		{17D56CA4-F8EE-8295-872E-8D0178A111A7}.Debug|Any CPU.ActiveCfg = Debug|Any CPU
		{17D56CA4-F8EE-8295-872E-8D0178A111A7}.Debug|Any CPU.Build.0 = Debug|Any CPU
		{17D56CA4-F8EE-8295-872E-8D0178A111A7}.Release|Any CPU.ActiveCfg = Release|Any CPU
		{17D56CA4-F8EE-8295-872E-8D0178A111A7}.Release|Any CPU.Build.0 = Release|Any CPU
		{9A6E23D5-42B6-6533-743C-B137A72C45C5}.Debug|Any CPU.ActiveCfg = Debug|Any CPU
		{9A6E23D5-42B6-6533-743C-B137A72C45C5}.Debug|Any CPU.Build.0 = Debug|Any CPU
		{9A6E23D5-42B6-6533-743C-B137A72C45C5}.Release|Any CPU.ActiveCfg = Release|Any CPU
		{9A6E23D5-42B6-6533-743C-B137A72C45C5}.Release|Any CPU.Build.0 = Release|Any CPU
		{EA6D0C01-3F33-71E0-BAD4-5C81A6437592}.Debug|Any CPU.ActiveCfg = Debug|Any CPU
		{EA6D0C01-3F33-71E0-BAD4-5C81A6437592}.Debug|Any CPU.Build.0 = Debug|Any CPU
		{EA6D0C01-3F33-71E0-BAD4-5C81A6437592}.Release|Any CPU.ActiveCfg = Release|Any CPU
		{EA6D0C01-3F33-71E0-BAD4-5C81A6437592}.Release|Any CPU.Build.0 = Release|Any CPU
		{33768E30-CB4E-5580-1099-195AA279D451}.Debug|Any CPU.ActiveCfg = Debug|Any CPU
		{33768E30-CB4E-5580-1099-195AA279D451}.Debug|Any CPU.Build.0 = Debug|Any CPU
		{33768E30-CB4E-5580-1099-195AA279D451}.Release|Any CPU.ActiveCfg = Release|Any CPU
		{33768E30-CB4E-5580-1099-195AA279D451}.Release|Any CPU.Build.0 = Release|Any CPU
		{1467F8C3-E7EC-7AD1-2D75-01A16E597C26}.Debug|Any CPU.ActiveCfg = Debug|Any CPU
		{1467F8C3-E7EC-7AD1-2D75-01A16E597C26}.Debug|Any CPU.Build.0 = Debug|Any CPU
		{1467F8C3-E7EC-7AD1-2D75-01A16E597C26}.Release|Any CPU.ActiveCfg = Release|Any CPU
		{1467F8C3-E7EC-7AD1-2D75-01A16E597C26}.Release|Any CPU.Build.0 = Release|Any CPU
		{90B1BB31-328A-87A6-E176-819492B09F05}.Debug|Any CPU.ActiveCfg = Debug|Any CPU
		{90B1BB31-328A-87A6-E176-819492B09F05}.Debug|Any CPU.Build.0 = Debug|Any CPU
		{90B1BB31-328A-87A6-E176-819492B09F05}.Release|Any CPU.ActiveCfg = Release|Any CPU
		{90B1BB31-328A-87A6-E176-819492B09F05}.Release|Any CPU.Build.0 = Release|Any CPU
		{4638B6F7-DCDC-0D20-D5C1-7B6D8FD47E51}.Debug|Any CPU.ActiveCfg = Debug|Any CPU
		{4638B6F7-DCDC-0D20-D5C1-7B6D8FD47E51}.Debug|Any CPU.Build.0 = Debug|Any CPU
		{4638B6F7-DCDC-0D20-D5C1-7B6D8FD47E51}.Release|Any CPU.ActiveCfg = Release|Any CPU
		{4638B6F7-DCDC-0D20-D5C1-7B6D8FD47E51}.Release|Any CPU.Build.0 = Release|Any CPU
		{D49C13EA-C517-B87F-5414-0B9F16D7703B}.Debug|Any CPU.ActiveCfg = Debug|Any CPU
		{D49C13EA-C517-B87F-5414-0B9F16D7703B}.Debug|Any CPU.Build.0 = Debug|Any CPU
		{D49C13EA-C517-B87F-5414-0B9F16D7703B}.Release|Any CPU.ActiveCfg = Release|Any CPU
		{D49C13EA-C517-B87F-5414-0B9F16D7703B}.Release|Any CPU.Build.0 = Release|Any CPU
		{90CB9CA2-1F05-CE7F-1B10-21B5903BF52A}.Debug|Any CPU.ActiveCfg = Debug|Any CPU
		{90CB9CA2-1F05-CE7F-1B10-21B5903BF52A}.Debug|Any CPU.Build.0 = Debug|Any CPU
		{90CB9CA2-1F05-CE7F-1B10-21B5903BF52A}.Release|Any CPU.ActiveCfg = Release|Any CPU
		{90CB9CA2-1F05-CE7F-1B10-21B5903BF52A}.Release|Any CPU.Build.0 = Release|Any CPU
		{0964CE7C-794D-6290-F6E6-89CB4080EADF}.Debug|Any CPU.ActiveCfg = Debug|Any CPU
		{0964CE7C-794D-6290-F6E6-89CB4080EADF}.Debug|Any CPU.Build.0 = Debug|Any CPU
		{0964CE7C-794D-6290-F6E6-89CB4080EADF}.Release|Any CPU.ActiveCfg = Release|Any CPU
		{0964CE7C-794D-6290-F6E6-89CB4080EADF}.Release|Any CPU.Build.0 = Release|Any CPU
		{8F9ABB19-B2CF-9089-5B55-BBB78B0E7749}.Debug|Any CPU.ActiveCfg = Debug|Any CPU
		{8F9ABB19-B2CF-9089-5B55-BBB78B0E7749}.Debug|Any CPU.Build.0 = Debug|Any CPU
		{8F9ABB19-B2CF-9089-5B55-BBB78B0E7749}.Release|Any CPU.ActiveCfg = Release|Any CPU
		{8F9ABB19-B2CF-9089-5B55-BBB78B0E7749}.Release|Any CPU.Build.0 = Release|Any CPU
		{B8EFCD81-757D-1959-FDAB-058744AF50E3}.Debug|Any CPU.ActiveCfg = Debug|Any CPU
		{B8EFCD81-757D-1959-FDAB-058744AF50E3}.Debug|Any CPU.Build.0 = Debug|Any CPU
		{B8EFCD81-757D-1959-FDAB-058744AF50E3}.Release|Any CPU.ActiveCfg = Release|Any CPU
		{B8EFCD81-757D-1959-FDAB-058744AF50E3}.Release|Any CPU.Build.0 = Release|Any CPU
		{F0C48588-C31C-9F7C-DECA-1979ED35791E}.Debug|Any CPU.ActiveCfg = Debug|Any CPU
		{F0C48588-C31C-9F7C-DECA-1979ED35791E}.Debug|Any CPU.Build.0 = Debug|Any CPU
		{F0C48588-C31C-9F7C-DECA-1979ED35791E}.Release|Any CPU.ActiveCfg = Release|Any CPU
		{F0C48588-C31C-9F7C-DECA-1979ED35791E}.Release|Any CPU.Build.0 = Release|Any CPU
		{F4F61024-B48E-E01D-E380-8D0648FF65BF}.Debug|Any CPU.ActiveCfg = Debug|Any CPU
		{F4F61024-B48E-E01D-E380-8D0648FF65BF}.Debug|Any CPU.Build.0 = Debug|Any CPU
		{F4F61024-B48E-E01D-E380-8D0648FF65BF}.Release|Any CPU.ActiveCfg = Release|Any CPU
		{F4F61024-B48E-E01D-E380-8D0648FF65BF}.Release|Any CPU.Build.0 = Release|Any CPU
		{E475EC1C-B6F4-3D6C-5E3A-1E13598C8CC1}.Debug|Any CPU.ActiveCfg = Debug|Any CPU
		{E475EC1C-B6F4-3D6C-5E3A-1E13598C8CC1}.Debug|Any CPU.Build.0 = Debug|Any CPU
		{E475EC1C-B6F4-3D6C-5E3A-1E13598C8CC1}.Release|Any CPU.ActiveCfg = Release|Any CPU
		{E475EC1C-B6F4-3D6C-5E3A-1E13598C8CC1}.Release|Any CPU.Build.0 = Release|Any CPU
		{8A27396B-5949-8D7C-5F73-B3B01537C4B4}.Debug|Any CPU.ActiveCfg = Debug|Any CPU
		{8A27396B-5949-8D7C-5F73-B3B01537C4B4}.Debug|Any CPU.Build.0 = Debug|Any CPU
		{8A27396B-5949-8D7C-5F73-B3B01537C4B4}.Release|Any CPU.ActiveCfg = Release|Any CPU
		{8A27396B-5949-8D7C-5F73-B3B01537C4B4}.Release|Any CPU.Build.0 = Release|Any CPU
		{7F872B80-8759-C758-EC91-0BC7594B1D89}.Debug|Any CPU.ActiveCfg = Debug|Any CPU
		{7F872B80-8759-C758-EC91-0BC7594B1D89}.Debug|Any CPU.Build.0 = Debug|Any CPU
		{7F872B80-8759-C758-EC91-0BC7594B1D89}.Release|Any CPU.ActiveCfg = Release|Any CPU
		{7F872B80-8759-C758-EC91-0BC7594B1D89}.Release|Any CPU.Build.0 = Release|Any CPU
		{A1A999EC-A013-F8A0-643C-6FB3F30629B5}.Debug|Any CPU.ActiveCfg = Debug|Any CPU
		{A1A999EC-A013-F8A0-643C-6FB3F30629B5}.Debug|Any CPU.Build.0 = Debug|Any CPU
		{A1A999EC-A013-F8A0-643C-6FB3F30629B5}.Release|Any CPU.ActiveCfg = Release|Any CPU
		{A1A999EC-A013-F8A0-643C-6FB3F30629B5}.Release|Any CPU.Build.0 = Release|Any CPU
		{AC163C0E-4979-23D1-B48D-DB9C23BA8A0A}.Debug|Any CPU.ActiveCfg = Debug|Any CPU
		{AC163C0E-4979-23D1-B48D-DB9C23BA8A0A}.Debug|Any CPU.Build.0 = Debug|Any CPU
		{AC163C0E-4979-23D1-B48D-DB9C23BA8A0A}.Release|Any CPU.ActiveCfg = Release|Any CPU
		{AC163C0E-4979-23D1-B48D-DB9C23BA8A0A}.Release|Any CPU.Build.0 = Release|Any CPU
		{54B8FC95-EB05-EE3C-6099-A2D8847C7337}.Debug|Any CPU.ActiveCfg = Debug|Any CPU
		{54B8FC95-EB05-EE3C-6099-A2D8847C7337}.Debug|Any CPU.Build.0 = Debug|Any CPU
		{54B8FC95-EB05-EE3C-6099-A2D8847C7337}.Release|Any CPU.ActiveCfg = Release|Any CPU
		{54B8FC95-EB05-EE3C-6099-A2D8847C7337}.Release|Any CPU.Build.0 = Release|Any CPU
		{CDB4BE6E-A43F-C51E-8A11-3BE118B567DF}.Debug|Any CPU.ActiveCfg = Debug|Any CPU
		{CDB4BE6E-A43F-C51E-8A11-3BE118B567DF}.Debug|Any CPU.Build.0 = Debug|Any CPU
		{CDB4BE6E-A43F-C51E-8A11-3BE118B567DF}.Release|Any CPU.ActiveCfg = Release|Any CPU
		{CDB4BE6E-A43F-C51E-8A11-3BE118B567DF}.Release|Any CPU.Build.0 = Release|Any CPU
		{CD5A08CA-21B5-09EC-6CDF-7176181C3103}.Debug|Any CPU.ActiveCfg = Debug|Any CPU
		{CD5A08CA-21B5-09EC-6CDF-7176181C3103}.Debug|Any CPU.Build.0 = Debug|Any CPU
		{CD5A08CA-21B5-09EC-6CDF-7176181C3103}.Release|Any CPU.ActiveCfg = Release|Any CPU
		{CD5A08CA-21B5-09EC-6CDF-7176181C3103}.Release|Any CPU.Build.0 = Release|Any CPU
		{07405B5F-64EA-D213-33E2-B92CBE23F99F}.Debug|Any CPU.ActiveCfg = Debug|Any CPU
		{07405B5F-64EA-D213-33E2-B92CBE23F99F}.Debug|Any CPU.Build.0 = Debug|Any CPU
		{07405B5F-64EA-D213-33E2-B92CBE23F99F}.Release|Any CPU.ActiveCfg = Release|Any CPU
		{07405B5F-64EA-D213-33E2-B92CBE23F99F}.Release|Any CPU.Build.0 = Release|Any CPU
		{739497A2-2048-D440-4C0C-AA61BBA3A4B1}.Debug|Any CPU.ActiveCfg = Debug|Any CPU
		{739497A2-2048-D440-4C0C-AA61BBA3A4B1}.Debug|Any CPU.Build.0 = Debug|Any CPU
		{739497A2-2048-D440-4C0C-AA61BBA3A4B1}.Release|Any CPU.ActiveCfg = Release|Any CPU
		{739497A2-2048-D440-4C0C-AA61BBA3A4B1}.Release|Any CPU.Build.0 = Release|Any CPU
		{2885E6A5-D14D-B846-5A1B-34998B5483DC}.Debug|Any CPU.ActiveCfg = Debug|Any CPU
		{2885E6A5-D14D-B846-5A1B-34998B5483DC}.Debug|Any CPU.Build.0 = Debug|Any CPU
		{2885E6A5-D14D-B846-5A1B-34998B5483DC}.Release|Any CPU.ActiveCfg = Release|Any CPU
		{2885E6A5-D14D-B846-5A1B-34998B5483DC}.Release|Any CPU.Build.0 = Release|Any CPU
		{D38364F7-2393-1A9B-90A2-82F374A4C4A6}.Debug|Any CPU.ActiveCfg = Debug|Any CPU
		{D38364F7-2393-1A9B-90A2-82F374A4C4A6}.Debug|Any CPU.Build.0 = Debug|Any CPU
		{D38364F7-2393-1A9B-90A2-82F374A4C4A6}.Release|Any CPU.ActiveCfg = Release|Any CPU
		{D38364F7-2393-1A9B-90A2-82F374A4C4A6}.Release|Any CPU.Build.0 = Release|Any CPU
		{94255F08-54D2-AEF9-2D07-3231B91EC31C}.Debug|Any CPU.ActiveCfg = Debug|Any CPU
		{94255F08-54D2-AEF9-2D07-3231B91EC31C}.Debug|Any CPU.Build.0 = Debug|Any CPU
		{94255F08-54D2-AEF9-2D07-3231B91EC31C}.Release|Any CPU.ActiveCfg = Release|Any CPU
		{94255F08-54D2-AEF9-2D07-3231B91EC31C}.Release|Any CPU.Build.0 = Release|Any CPU
		{230A53EF-91B9-ABF1-584F-C27102F99302}.Debug|Any CPU.ActiveCfg = Debug|Any CPU
		{230A53EF-91B9-ABF1-584F-C27102F99302}.Debug|Any CPU.Build.0 = Debug|Any CPU
		{230A53EF-91B9-ABF1-584F-C27102F99302}.Release|Any CPU.ActiveCfg = Release|Any CPU
		{230A53EF-91B9-ABF1-584F-C27102F99302}.Release|Any CPU.Build.0 = Release|Any CPU
		{5387FE52-0269-F8AA-0B75-2F28CDB37ADC}.Debug|Any CPU.ActiveCfg = Debug|Any CPU
		{5387FE52-0269-F8AA-0B75-2F28CDB37ADC}.Debug|Any CPU.Build.0 = Debug|Any CPU
		{5387FE52-0269-F8AA-0B75-2F28CDB37ADC}.Release|Any CPU.ActiveCfg = Release|Any CPU
		{5387FE52-0269-F8AA-0B75-2F28CDB37ADC}.Release|Any CPU.Build.0 = Release|Any CPU
		{D43CD83C-823D-7551-DDA3-5FD344EB3E8F}.Debug|Any CPU.ActiveCfg = Debug|Any CPU
		{D43CD83C-823D-7551-DDA3-5FD344EB3E8F}.Debug|Any CPU.Build.0 = Debug|Any CPU
		{D43CD83C-823D-7551-DDA3-5FD344EB3E8F}.Release|Any CPU.ActiveCfg = Release|Any CPU
		{D43CD83C-823D-7551-DDA3-5FD344EB3E8F}.Release|Any CPU.Build.0 = Release|Any CPU
		{21D79AD4-D9BE-BC9E-EDC7-B4457E7ED07D}.Debug|Any CPU.ActiveCfg = Debug|Any CPU
		{21D79AD4-D9BE-BC9E-EDC7-B4457E7ED07D}.Debug|Any CPU.Build.0 = Debug|Any CPU
		{21D79AD4-D9BE-BC9E-EDC7-B4457E7ED07D}.Release|Any CPU.ActiveCfg = Release|Any CPU
		{21D79AD4-D9BE-BC9E-EDC7-B4457E7ED07D}.Release|Any CPU.Build.0 = Release|Any CPU
		{11B8899B-8CDD-2EF6-AAE8-6AD1331FEB78}.Debug|Any CPU.ActiveCfg = Debug|Any CPU
		{11B8899B-8CDD-2EF6-AAE8-6AD1331FEB78}.Debug|Any CPU.Build.0 = Debug|Any CPU
		{11B8899B-8CDD-2EF6-AAE8-6AD1331FEB78}.Release|Any CPU.ActiveCfg = Release|Any CPU
		{11B8899B-8CDD-2EF6-AAE8-6AD1331FEB78}.Release|Any CPU.Build.0 = Release|Any CPU
		{5632C24A-E86D-7C9A-0FF0-B293582C89B1}.Debug|Any CPU.ActiveCfg = Debug|Any CPU
		{5632C24A-E86D-7C9A-0FF0-B293582C89B1}.Debug|Any CPU.Build.0 = Debug|Any CPU
		{5632C24A-E86D-7C9A-0FF0-B293582C89B1}.Release|Any CPU.ActiveCfg = Release|Any CPU
		{5632C24A-E86D-7C9A-0FF0-B293582C89B1}.Release|Any CPU.Build.0 = Release|Any CPU
		{D720D9C2-39CE-CC76-1FED-96D03DEBC701}.Debug|Any CPU.ActiveCfg = Debug|Any CPU
		{D720D9C2-39CE-CC76-1FED-96D03DEBC701}.Debug|Any CPU.Build.0 = Debug|Any CPU
		{D720D9C2-39CE-CC76-1FED-96D03DEBC701}.Release|Any CPU.ActiveCfg = Release|Any CPU
		{D720D9C2-39CE-CC76-1FED-96D03DEBC701}.Release|Any CPU.Build.0 = Release|Any CPU
		{1DC0AEAB-68D3-A9EC-53E5-13B6BC486A24}.Debug|Any CPU.ActiveCfg = Debug|Any CPU
		{1DC0AEAB-68D3-A9EC-53E5-13B6BC486A24}.Debug|Any CPU.Build.0 = Debug|Any CPU
		{1DC0AEAB-68D3-A9EC-53E5-13B6BC486A24}.Release|Any CPU.ActiveCfg = Release|Any CPU
		{1DC0AEAB-68D3-A9EC-53E5-13B6BC486A24}.Release|Any CPU.Build.0 = Release|Any CPU
		{9D467F88-CB8F-36EF-90D6-35FF039CA0C6}.Debug|Any CPU.ActiveCfg = Debug|Any CPU
		{9D467F88-CB8F-36EF-90D6-35FF039CA0C6}.Debug|Any CPU.Build.0 = Debug|Any CPU
		{9D467F88-CB8F-36EF-90D6-35FF039CA0C6}.Release|Any CPU.ActiveCfg = Release|Any CPU
		{9D467F88-CB8F-36EF-90D6-35FF039CA0C6}.Release|Any CPU.Build.0 = Release|Any CPU
		{CF9C8045-E00E-3A53-0A99-2D8028D8941A}.Debug|Any CPU.ActiveCfg = Debug|Any CPU
		{CF9C8045-E00E-3A53-0A99-2D8028D8941A}.Debug|Any CPU.Build.0 = Debug|Any CPU
		{CF9C8045-E00E-3A53-0A99-2D8028D8941A}.Release|Any CPU.ActiveCfg = Release|Any CPU
		{CF9C8045-E00E-3A53-0A99-2D8028D8941A}.Release|Any CPU.Build.0 = Release|Any CPU
		{26266DF9-BBA3-920E-F2CA-1CA6C8455643}.Debug|Any CPU.ActiveCfg = Debug|Any CPU
		{26266DF9-BBA3-920E-F2CA-1CA6C8455643}.Debug|Any CPU.Build.0 = Debug|Any CPU
		{26266DF9-BBA3-920E-F2CA-1CA6C8455643}.Release|Any CPU.ActiveCfg = Release|Any CPU
		{26266DF9-BBA3-920E-F2CA-1CA6C8455643}.Release|Any CPU.Build.0 = Release|Any CPU
		{05648A11-4D54-70F6-762E-14B9F7A8853E}.Debug|Any CPU.ActiveCfg = Debug|Any CPU
		{05648A11-4D54-70F6-762E-14B9F7A8853E}.Debug|Any CPU.Build.0 = Debug|Any CPU
		{05648A11-4D54-70F6-762E-14B9F7A8853E}.Release|Any CPU.ActiveCfg = Release|Any CPU
		{05648A11-4D54-70F6-762E-14B9F7A8853E}.Release|Any CPU.Build.0 = Release|Any CPU
		{831AB9CB-85A0-B8CE-44AA-00DD94F1FCEF}.Debug|Any CPU.ActiveCfg = Debug|Any CPU
		{831AB9CB-85A0-B8CE-44AA-00DD94F1FCEF}.Debug|Any CPU.Build.0 = Debug|Any CPU
		{831AB9CB-85A0-B8CE-44AA-00DD94F1FCEF}.Release|Any CPU.ActiveCfg = Release|Any CPU
		{831AB9CB-85A0-B8CE-44AA-00DD94F1FCEF}.Release|Any CPU.Build.0 = Release|Any CPU
		{2C992D96-DFF5-3A05-7CDD-1C25B5E3309B}.Debug|Any CPU.ActiveCfg = Debug|Any CPU
		{2C992D96-DFF5-3A05-7CDD-1C25B5E3309B}.Debug|Any CPU.Build.0 = Debug|Any CPU
		{2C992D96-DFF5-3A05-7CDD-1C25B5E3309B}.Release|Any CPU.ActiveCfg = Release|Any CPU
		{2C992D96-DFF5-3A05-7CDD-1C25B5E3309B}.Release|Any CPU.Build.0 = Release|Any CPU
		{737C924D-4B9C-B8A7-9329-92B576CD9446}.Debug|Any CPU.ActiveCfg = Debug|Any CPU
		{737C924D-4B9C-B8A7-9329-92B576CD9446}.Debug|Any CPU.Build.0 = Debug|Any CPU
		{737C924D-4B9C-B8A7-9329-92B576CD9446}.Release|Any CPU.ActiveCfg = Release|Any CPU
		{737C924D-4B9C-B8A7-9329-92B576CD9446}.Release|Any CPU.Build.0 = Release|Any CPU
		{3D5F48FD-5934-B428-7BF7-11D0B634A383}.Debug|Any CPU.ActiveCfg = Debug|Any CPU
		{3D5F48FD-5934-B428-7BF7-11D0B634A383}.Debug|Any CPU.Build.0 = Debug|Any CPU
		{3D5F48FD-5934-B428-7BF7-11D0B634A383}.Release|Any CPU.ActiveCfg = Release|Any CPU
		{3D5F48FD-5934-B428-7BF7-11D0B634A383}.Release|Any CPU.Build.0 = Release|Any CPU
		{56B44E21-F6F2-6AF2-B8F3-1BAD1F006316}.Debug|Any CPU.ActiveCfg = Debug|Any CPU
		{56B44E21-F6F2-6AF2-B8F3-1BAD1F006316}.Debug|Any CPU.Build.0 = Debug|Any CPU
		{56B44E21-F6F2-6AF2-B8F3-1BAD1F006316}.Release|Any CPU.ActiveCfg = Release|Any CPU
		{56B44E21-F6F2-6AF2-B8F3-1BAD1F006316}.Release|Any CPU.Build.0 = Release|Any CPU
		{0B721436-11B7-7023-3F12-5626A32848AA}.Debug|Any CPU.ActiveCfg = Debug|Any CPU
		{0B721436-11B7-7023-3F12-5626A32848AA}.Debug|Any CPU.Build.0 = Debug|Any CPU
		{0B721436-11B7-7023-3F12-5626A32848AA}.Release|Any CPU.ActiveCfg = Release|Any CPU
		{0B721436-11B7-7023-3F12-5626A32848AA}.Release|Any CPU.Build.0 = Release|Any CPU
		{5E939013-E28F-C2F5-02D1-75C7019CD472}.Debug|Any CPU.ActiveCfg = Debug|Any CPU
		{5E939013-E28F-C2F5-02D1-75C7019CD472}.Debug|Any CPU.Build.0 = Debug|Any CPU
		{5E939013-E28F-C2F5-02D1-75C7019CD472}.Release|Any CPU.ActiveCfg = Release|Any CPU
		{5E939013-E28F-C2F5-02D1-75C7019CD472}.Release|Any CPU.Build.0 = Release|Any CPU
		{4BB9A970-6C1E-1A3C-E9C9-639D46AA427F}.Debug|Any CPU.ActiveCfg = Debug|Any CPU
		{4BB9A970-6C1E-1A3C-E9C9-639D46AA427F}.Debug|Any CPU.Build.0 = Debug|Any CPU
		{4BB9A970-6C1E-1A3C-E9C9-639D46AA427F}.Release|Any CPU.ActiveCfg = Release|Any CPU
		{4BB9A970-6C1E-1A3C-E9C9-639D46AA427F}.Release|Any CPU.Build.0 = Release|Any CPU
		{07ED8710-539E-7356-FF11-DA7BD2F10F2B}.Debug|Any CPU.ActiveCfg = Debug|Any CPU
		{07ED8710-539E-7356-FF11-DA7BD2F10F2B}.Debug|Any CPU.Build.0 = Debug|Any CPU
		{07ED8710-539E-7356-FF11-DA7BD2F10F2B}.Release|Any CPU.ActiveCfg = Release|Any CPU
		{07ED8710-539E-7356-FF11-DA7BD2F10F2B}.Release|Any CPU.Build.0 = Release|Any CPU
		{AA72193A-BE98-BDB8-ED17-3999854F2BEE}.Debug|Any CPU.ActiveCfg = Debug|Any CPU
		{AA72193A-BE98-BDB8-ED17-3999854F2BEE}.Debug|Any CPU.Build.0 = Debug|Any CPU
		{AA72193A-BE98-BDB8-ED17-3999854F2BEE}.Release|Any CPU.ActiveCfg = Release|Any CPU
		{AA72193A-BE98-BDB8-ED17-3999854F2BEE}.Release|Any CPU.Build.0 = Release|Any CPU
		{060B5745-5C42-C0F2-6558-89B3C4103C5F}.Debug|Any CPU.ActiveCfg = Debug|Any CPU
		{060B5745-5C42-C0F2-6558-89B3C4103C5F}.Debug|Any CPU.Build.0 = Debug|Any CPU
		{060B5745-5C42-C0F2-6558-89B3C4103C5F}.Release|Any CPU.ActiveCfg = Release|Any CPU
		{060B5745-5C42-C0F2-6558-89B3C4103C5F}.Release|Any CPU.Build.0 = Release|Any CPU
		{88D79774-BBDD-D98B-3A63-8500424581C8}.Debug|Any CPU.ActiveCfg = Debug|Any CPU
		{88D79774-BBDD-D98B-3A63-8500424581C8}.Debug|Any CPU.Build.0 = Debug|Any CPU
		{88D79774-BBDD-D98B-3A63-8500424581C8}.Release|Any CPU.ActiveCfg = Release|Any CPU
		{88D79774-BBDD-D98B-3A63-8500424581C8}.Release|Any CPU.Build.0 = Release|Any CPU
		{9F112296-9620-218A-134A-8B98AD07B884}.Debug|Any CPU.ActiveCfg = Debug|Any CPU
		{9F112296-9620-218A-134A-8B98AD07B884}.Debug|Any CPU.Build.0 = Debug|Any CPU
		{9F112296-9620-218A-134A-8B98AD07B884}.Release|Any CPU.ActiveCfg = Release|Any CPU
		{9F112296-9620-218A-134A-8B98AD07B884}.Release|Any CPU.Build.0 = Release|Any CPU
		{2B826A47-2E9C-6610-B540-E613DC9B1542}.Debug|Any CPU.ActiveCfg = Debug|Any CPU
		{2B826A47-2E9C-6610-B540-E613DC9B1542}.Debug|Any CPU.Build.0 = Debug|Any CPU
		{2B826A47-2E9C-6610-B540-E613DC9B1542}.Release|Any CPU.ActiveCfg = Release|Any CPU
		{2B826A47-2E9C-6610-B540-E613DC9B1542}.Release|Any CPU.Build.0 = Release|Any CPU
		{957FEEC6-2DB4-D935-69A7-ECB9F90ECBA4}.Debug|Any CPU.ActiveCfg = Debug|Any CPU
		{957FEEC6-2DB4-D935-69A7-ECB9F90ECBA4}.Debug|Any CPU.Build.0 = Debug|Any CPU
		{957FEEC6-2DB4-D935-69A7-ECB9F90ECBA4}.Release|Any CPU.ActiveCfg = Release|Any CPU
		{957FEEC6-2DB4-D935-69A7-ECB9F90ECBA4}.Release|Any CPU.Build.0 = Release|Any CPU
		{475AF624-C810-8207-848C-EAB42018E6BF}.Debug|Any CPU.ActiveCfg = Debug|Any CPU
		{475AF624-C810-8207-848C-EAB42018E6BF}.Debug|Any CPU.Build.0 = Debug|Any CPU
		{475AF624-C810-8207-848C-EAB42018E6BF}.Release|Any CPU.ActiveCfg = Release|Any CPU
		{475AF624-C810-8207-848C-EAB42018E6BF}.Release|Any CPU.Build.0 = Release|Any CPU
		{F32094E4-93F7-C1CA-408C-741956E2A0DB}.Debug|Any CPU.ActiveCfg = Debug|Any CPU
		{F32094E4-93F7-C1CA-408C-741956E2A0DB}.Debug|Any CPU.Build.0 = Debug|Any CPU
		{F32094E4-93F7-C1CA-408C-741956E2A0DB}.Release|Any CPU.ActiveCfg = Release|Any CPU
		{F32094E4-93F7-C1CA-408C-741956E2A0DB}.Release|Any CPU.Build.0 = Release|Any CPU
		{6A82600C-CFD2-46DF-3743-463BC56F9384}.Debug|Any CPU.ActiveCfg = Debug|Any CPU
		{6A82600C-CFD2-46DF-3743-463BC56F9384}.Debug|Any CPU.Build.0 = Debug|Any CPU
		{6A82600C-CFD2-46DF-3743-463BC56F9384}.Release|Any CPU.ActiveCfg = Release|Any CPU
		{6A82600C-CFD2-46DF-3743-463BC56F9384}.Release|Any CPU.Build.0 = Release|Any CPU
		{8BA5971F-B7D5-981F-F5A3-7BB00CD83CE7}.Debug|Any CPU.ActiveCfg = Debug|Any CPU
		{8BA5971F-B7D5-981F-F5A3-7BB00CD83CE7}.Debug|Any CPU.Build.0 = Debug|Any CPU
		{8BA5971F-B7D5-981F-F5A3-7BB00CD83CE7}.Release|Any CPU.ActiveCfg = Release|Any CPU
		{8BA5971F-B7D5-981F-F5A3-7BB00CD83CE7}.Release|Any CPU.Build.0 = Release|Any CPU
		{373B2254-0C09-40DF-A6C1-BC242B9073B5}.Debug|Any CPU.ActiveCfg = Debug|Any CPU
		{373B2254-0C09-40DF-A6C1-BC242B9073B5}.Debug|Any CPU.Build.0 = Debug|Any CPU
		{373B2254-0C09-40DF-A6C1-BC242B9073B5}.Release|Any CPU.ActiveCfg = Release|Any CPU
		{373B2254-0C09-40DF-A6C1-BC242B9073B5}.Release|Any CPU.Build.0 = Release|Any CPU
		{83B493DA-D18F-40A8-2403-BFC5BC2CC837}.Debug|Any CPU.ActiveCfg = Debug|Any CPU
		{83B493DA-D18F-40A8-2403-BFC5BC2CC837}.Debug|Any CPU.Build.0 = Debug|Any CPU
		{83B493DA-D18F-40A8-2403-BFC5BC2CC837}.Release|Any CPU.ActiveCfg = Release|Any CPU
		{83B493DA-D18F-40A8-2403-BFC5BC2CC837}.Release|Any CPU.Build.0 = Release|Any CPU
		{C3486A6B-53B3-B1CB-8FD8-E781247B50C6}.Debug|Any CPU.ActiveCfg = Debug|Any CPU
		{C3486A6B-53B3-B1CB-8FD8-E781247B50C6}.Debug|Any CPU.Build.0 = Debug|Any CPU
		{C3486A6B-53B3-B1CB-8FD8-E781247B50C6}.Release|Any CPU.ActiveCfg = Release|Any CPU
		{C3486A6B-53B3-B1CB-8FD8-E781247B50C6}.Release|Any CPU.Build.0 = Release|Any CPU
		{E701AE3C-918A-F9A7-EEF4-8753FBA29D58}.Debug|Any CPU.ActiveCfg = Debug|Any CPU
		{E701AE3C-918A-F9A7-EEF4-8753FBA29D58}.Debug|Any CPU.Build.0 = Debug|Any CPU
		{E701AE3C-918A-F9A7-EEF4-8753FBA29D58}.Release|Any CPU.ActiveCfg = Release|Any CPU
		{E701AE3C-918A-F9A7-EEF4-8753FBA29D58}.Release|Any CPU.Build.0 = Release|Any CPU
		{A3707990-9516-D9D7-F6D4-C861D7F32AA9}.Debug|Any CPU.ActiveCfg = Debug|Any CPU
		{A3707990-9516-D9D7-F6D4-C861D7F32AA9}.Debug|Any CPU.Build.0 = Debug|Any CPU
		{A3707990-9516-D9D7-F6D4-C861D7F32AA9}.Release|Any CPU.ActiveCfg = Release|Any CPU
		{A3707990-9516-D9D7-F6D4-C861D7F32AA9}.Release|Any CPU.Build.0 = Release|Any CPU
		{9E104C6E-1A04-8B85-36DC-4B1F792CA71C}.Debug|Any CPU.ActiveCfg = Debug|Any CPU
		{9E104C6E-1A04-8B85-36DC-4B1F792CA71C}.Debug|Any CPU.Build.0 = Debug|Any CPU
		{9E104C6E-1A04-8B85-36DC-4B1F792CA71C}.Release|Any CPU.ActiveCfg = Release|Any CPU
		{9E104C6E-1A04-8B85-36DC-4B1F792CA71C}.Release|Any CPU.Build.0 = Release|Any CPU
		{482251CE-12B4-7D1F-D867-F1F5E8F75E60}.Debug|Any CPU.ActiveCfg = Debug|Any CPU
		{482251CE-12B4-7D1F-D867-F1F5E8F75E60}.Debug|Any CPU.Build.0 = Debug|Any CPU
		{482251CE-12B4-7D1F-D867-F1F5E8F75E60}.Release|Any CPU.ActiveCfg = Release|Any CPU
		{482251CE-12B4-7D1F-D867-F1F5E8F75E60}.Release|Any CPU.Build.0 = Release|Any CPU
		{D85A5638-4363-C531-2BE1-5D18395BFCB1}.Debug|Any CPU.ActiveCfg = Debug|Any CPU
		{D85A5638-4363-C531-2BE1-5D18395BFCB1}.Debug|Any CPU.Build.0 = Debug|Any CPU
		{D85A5638-4363-C531-2BE1-5D18395BFCB1}.Release|Any CPU.ActiveCfg = Release|Any CPU
		{D85A5638-4363-C531-2BE1-5D18395BFCB1}.Release|Any CPU.Build.0 = Release|Any CPU
		{23457A1F-5D49-57DD-1661-2D4301A0121E}.Debug|Any CPU.ActiveCfg = Debug|Any CPU
		{23457A1F-5D49-57DD-1661-2D4301A0121E}.Debug|Any CPU.Build.0 = Debug|Any CPU
		{23457A1F-5D49-57DD-1661-2D4301A0121E}.Release|Any CPU.ActiveCfg = Release|Any CPU
		{23457A1F-5D49-57DD-1661-2D4301A0121E}.Release|Any CPU.Build.0 = Release|Any CPU
		{E6C90C86-3B5E-326F-F680-A9C43DB8C3A0}.Debug|Any CPU.ActiveCfg = Debug|Any CPU
		{E6C90C86-3B5E-326F-F680-A9C43DB8C3A0}.Debug|Any CPU.Build.0 = Debug|Any CPU
		{E6C90C86-3B5E-326F-F680-A9C43DB8C3A0}.Release|Any CPU.ActiveCfg = Release|Any CPU
		{E6C90C86-3B5E-326F-F680-A9C43DB8C3A0}.Release|Any CPU.Build.0 = Release|Any CPU
	EndGlobalSection
	GlobalSection(SolutionProperties) = preSolution
		HideSolutionNode = FALSE
	EndGlobalSection
EndGlobal
