
Microsoft Visual Studio Solution File, Format Version 11.00
# Visual Studio 2010
Project("{FAE04EC0-301F-11D3-BF4B-00C04F79EFBC}") = "PhotonUnityNetworking.Utilities", "PhotonUnityNetworking.Utilities.csproj", "{F4F61024-B48E-E01D-E380-8D0648FF65BF}"
EndProject
Project("{FAE04EC0-301F-11D3-BF4B-00C04F79EFBC}") = "Assembly-CSharp", "Assembly-CSharp.csproj", "{17D56CA4-F8EE-8295-872E-8D0178A111A7}"
EndProject
Project("{FAE04EC0-301F-11D3-BF4B-00C04F79EFBC}") = "PhotonUnityNetworking.Demos", "PhotonUnityNetworking.Demos.csproj", "{90B1BB31-328A-87A6-E176-819492B09F05}"
EndProject
Project("{FAE04EC0-301F-11D3-BF4B-00C04F79EFBC}") = "PhotonUnityNetworking", "PhotonUnityNetworking.csproj", "{F0C48588-C31C-9F7C-DECA-1979ED35791E}"
EndProject
Project("{FAE04EC0-301F-11D3-BF4B-00C04F79EFBC}") = "PhotonChat", "PhotonChat.csproj", "{A1A999EC-A013-F8A0-643C-6FB3F30629B5}"
EndProject
Project("{FAE04EC0-301F-11D3-BF4B-00C04F79EFBC}") = "PhotonRealtime", "PhotonRealtime.csproj", "{8F9ABB19-B2CF-9089-5B55-BBB78B0E7749}"
EndProject
Project("{FAE04EC0-301F-11D3-BF4B-00C04F79EFBC}") = "PhotonUnityNetworking.Editor", "PhotonUnityNetworking.Editor.csproj", "{07405B5F-64EA-D213-33E2-B92CBE23F99F}"
EndProject
Project("{FAE04EC0-301F-11D3-BF4B-00C04F79EFBC}") = "PhotonUnityNetworking.Utilities.PhotonPlayer.Editor", "PhotonUnityNetworking.Utilities.PhotonPlayer.Editor.csproj", "{737C924D-4B9C-B8A7-9329-92B576CD9446}"
EndProject
Project("{FAE04EC0-301F-11D3-BF4B-00C04F79EFBC}") = "PunDemos.DemoSlotcarEditor", "PunDemos.DemoSlotcarEditor.csproj", "{0B721436-11B7-7023-3F12-5626A32848AA}"
EndProject
Project("{FAE04EC0-301F-11D3-BF4B-00C04F79EFBC}") = "PhotonUnityNetworking.Utilities.Culling.Editor", "PhotonUnityNetworking.Utilities.Culling.Editor.csproj", "{5E939013-E28F-C2F5-02D1-75C7019CD472}"
EndProject
Project("{FAE04EC0-301F-11D3-BF4B-00C04F79EFBC}") = "PunDemos.DemoHubEditor", "PunDemos.DemoHubEditor.csproj", "{4BB9A970-6C1E-1A3C-E9C9-639D46AA427F}"
EndProject
Project("{FAE04EC0-301F-11D3-BF4B-00C04F79EFBC}") = "Assembly-CSharp-Editor", "Assembly-CSharp-Editor.csproj", "{D43CD83C-823D-7551-DDA3-5FD344EB3E8F}"
EndProject
Global
	GlobalSection(SolutionConfigurationPlatforms) = preSolution
		Debug|Any CPU = Debug|Any CPU
		Release|Any CPU = Release|Any CPU
	EndGlobalSection
	GlobalSection(ProjectConfigurationPlatforms) = postSolution
		{F4F61024-B48E-E01D-E380-8D0648FF65BF}.Debug|Any CPU.ActiveCfg = Debug|Any CPU
		{F4F61024-B48E-E01D-E380-8D0648FF65BF}.Debug|Any CPU.Build.0 = Debug|Any CPU
		{F4F61024-B48E-E01D-E380-8D0648FF65BF}.Release|Any CPU.ActiveCfg = Release|Any CPU
		{F4F61024-B48E-E01D-E380-8D0648FF65BF}.Release|Any CPU.Build.0 = Release|Any CPU
		{17D56CA4-F8EE-8295-872E-8D0178A111A7}.Debug|Any CPU.ActiveCfg = Debug|Any CPU
		{17D56CA4-F8EE-8295-872E-8D0178A111A7}.Debug|Any CPU.Build.0 = Debug|Any CPU
		{17D56CA4-F8EE-8295-872E-8D0178A111A7}.Release|Any CPU.ActiveCfg = Release|Any CPU
		{17D56CA4-F8EE-8295-872E-8D0178A111A7}.Release|Any CPU.Build.0 = Release|Any CPU
		{90B1BB31-328A-87A6-E176-819492B09F05}.Debug|Any CPU.ActiveCfg = Debug|Any CPU
		{90B1BB31-328A-87A6-E176-819492B09F05}.Debug|Any CPU.Build.0 = Debug|Any CPU
		{90B1BB31-328A-87A6-E176-819492B09F05}.Release|Any CPU.ActiveCfg = Release|Any CPU
		{90B1BB31-328A-87A6-E176-819492B09F05}.Release|Any CPU.Build.0 = Release|Any CPU
		{F0C48588-C31C-9F7C-DECA-1979ED35791E}.Debug|Any CPU.ActiveCfg = Debug|Any CPU
		{F0C48588-C31C-9F7C-DECA-1979ED35791E}.Debug|Any CPU.Build.0 = Debug|Any CPU
		{F0C48588-C31C-9F7C-DECA-1979ED35791E}.Release|Any CPU.ActiveCfg = Release|Any CPU
		{F0C48588-C31C-9F7C-DECA-1979ED35791E}.Release|Any CPU.Build.0 = Release|Any CPU
		{A1A999EC-A013-F8A0-643C-6FB3F30629B5}.Debug|Any CPU.ActiveCfg = Debug|Any CPU
		{A1A999EC-A013-F8A0-643C-6FB3F30629B5}.Debug|Any CPU.Build.0 = Debug|Any CPU
		{A1A999EC-A013-F8A0-643C-6FB3F30629B5}.Release|Any CPU.ActiveCfg = Release|Any CPU
		{A1A999EC-A013-F8A0-643C-6FB3F30629B5}.Release|Any CPU.Build.0 = Release|Any CPU
		{8F9ABB19-B2CF-9089-5B55-BBB78B0E7749}.Debug|Any CPU.ActiveCfg = Debug|Any CPU
		{8F9ABB19-B2CF-9089-5B55-BBB78B0E7749}.Debug|Any CPU.Build.0 = Debug|Any CPU
		{8F9ABB19-B2CF-9089-5B55-BBB78B0E7749}.Release|Any CPU.ActiveCfg = Release|Any CPU
		{8F9ABB19-B2CF-9089-5B55-BBB78B0E7749}.Release|Any CPU.Build.0 = Release|Any CPU
		{07405B5F-64EA-D213-33E2-B92CBE23F99F}.Debug|Any CPU.ActiveCfg = Debug|Any CPU
		{07405B5F-64EA-D213-33E2-B92CBE23F99F}.Debug|Any CPU.Build.0 = Debug|Any CPU
		{07405B5F-64EA-D213-33E2-B92CBE23F99F}.Release|Any CPU.ActiveCfg = Release|Any CPU
		{07405B5F-64EA-D213-33E2-B92CBE23F99F}.Release|Any CPU.Build.0 = Release|Any CPU
		{737C924D-4B9C-B8A7-9329-92B576CD9446}.Debug|Any CPU.ActiveCfg = Debug|Any CPU
		{737C924D-4B9C-B8A7-9329-92B576CD9446}.Debug|Any CPU.Build.0 = Debug|Any CPU
		{737C924D-4B9C-B8A7-9329-92B576CD9446}.Release|Any CPU.ActiveCfg = Release|Any CPU
		{737C924D-4B9C-B8A7-9329-92B576CD9446}.Release|Any CPU.Build.0 = Release|Any CPU
		{0B721436-11B7-7023-3F12-5626A32848AA}.Debug|Any CPU.ActiveCfg = Debug|Any CPU
		{0B721436-11B7-7023-3F12-5626A32848AA}.Debug|Any CPU.Build.0 = Debug|Any CPU
		{0B721436-11B7-7023-3F12-5626A32848AA}.Release|Any CPU.ActiveCfg = Release|Any CPU
		{0B721436-11B7-7023-3F12-5626A32848AA}.Release|Any CPU.Build.0 = Release|Any CPU
		{5E939013-E28F-C2F5-02D1-75C7019CD472}.Debug|Any CPU.ActiveCfg = Debug|Any CPU
		{5E939013-E28F-C2F5-02D1-75C7019CD472}.Debug|Any CPU.Build.0 = Debug|Any CPU
		{5E939013-E28F-C2F5-02D1-75C7019CD472}.Release|Any CPU.ActiveCfg = Release|Any CPU
		{5E939013-E28F-C2F5-02D1-75C7019CD472}.Release|Any CPU.Build.0 = Release|Any CPU
		{4BB9A970-6C1E-1A3C-E9C9-639D46AA427F}.Debug|Any CPU.ActiveCfg = Debug|Any CPU
		{4BB9A970-6C1E-1A3C-E9C9-639D46AA427F}.Debug|Any CPU.Build.0 = Debug|Any CPU
		{4BB9A970-6C1E-1A3C-E9C9-639D46AA427F}.Release|Any CPU.ActiveCfg = Release|Any CPU
		{4BB9A970-6C1E-1A3C-E9C9-639D46AA427F}.Release|Any CPU.Build.0 = Release|Any CPU
		{D43CD83C-823D-7551-DDA3-5FD344EB3E8F}.Debug|Any CPU.ActiveCfg = Debug|Any CPU
		{D43CD83C-823D-7551-DDA3-5FD344EB3E8F}.Debug|Any CPU.Build.0 = Debug|Any CPU
		{D43CD83C-823D-7551-DDA3-5FD344EB3E8F}.Release|Any CPU.ActiveCfg = Release|Any CPU
		{D43CD83C-823D-7551-DDA3-5FD344EB3E8F}.Release|Any CPU.Build.0 = Release|Any CPU
	EndGlobalSection
	GlobalSection(SolutionProperties) = preSolution
		HideSolutionNode = FALSE
	EndGlobalSection
EndGlobal
